{
  "name": "google-reviews-frame",
  "version": "1.0.0",
  "lockfileVersion": 3,
  "requires": true,
  "packages": {
    "": {
      "name": "google-reviews-frame",
      "version": "1.0.0",
      "license": "MIT",
      "dependencies": {
        "iframe-resizer": "^5.5.7"
      },
      "engines": {
        "node": ">=14.0.0"
      }
    },
    "node_modules/@iframe-resizer/child": {
      "version": "5.5.7",
      "resolved": "https://registry.npmjs.org/@iframe-resizer/child/-/child-5.5.7.tgz",
      "integrity": "sha512-+/t5E9/wbB+sWg6xM6fRWvNZ48WcZSJXHwXt58EdsWnb1vW+N4wf0Tp6Bwq9JPN4GR64yjXAhb0bBq67ECr/lg==",
      "license": "GPL-3.0",
      "dependencies": {
        "auto-console-group": "1.2.11"
      },
      "funding": {
        "type": "individual",
        "url": "https://iframe-resizer.com/pricing/"
      }
    },
    "node_modules/@iframe-resizer/core": {
      "version": "5.5.7",
      "resolved": "https://registry.npmjs.org/@iframe-resizer/core/-/core-5.5.7.tgz",
      "integrity": "sha512-jxKF0uGS8RfJSkDoRJ697JbmuykGvEhl9nOLnBXdkaARcsFgTT1/Uvz3mxNHw3AqDgNCxCySuI5jYpYM7M4Xbw==",
      "license": "GPL-3.0",
      "dependencies": {
        "auto-console-group": "1.2.11"
      },
      "funding": {
        "type": "individual",
        "url": "https://iframe-resizer.com/pricing/"
      }
    },
    "node_modules/@iframe-resizer/jquery": {
      "version": "5.5.7",
      "resolved": "https://registry.npmjs.org/@iframe-resizer/jquery/-/jquery-5.5.7.tgz",
      "integrity": "sha512-sp9Jfv/SR6u9ConfBAx8tGB7/w4IZjmELUuVjvhns8PFw2P0ODvCk6VUt2FSoRJgC1isQQyien9afDCg3u/MaA==",
      "license": "GPL-3.0",
      "dependencies": {
        "@iframe-resizer/core": "5.5.7"
      },
      "funding": {
        "type": "individual",
        "url": "https://iframe-resizer.com/pricing/"
      }
    },
    "node_modules/@iframe-resizer/parent": {
      "version": "5.5.7",
      "resolved": "https://registry.npmjs.org/@iframe-resizer/parent/-/parent-5.5.7.tgz",
      "integrity": "sha512-1dDlHFl7TOgu7odDcz/AQkJRcm9Ztpw2F8af/IU5ZAJhVlQkj8pjdnc5RfniGqY3AHOnryFATtrk7TDgZqPQFg==",
      "license": "GPL-3.0",
      "dependencies": {
        "@iframe-resizer/core": "5.5.7",
        "auto-console-group": "1.2.11"
      },
      "funding": {
        "type": "individual",
        "url": "https://iframe-resizer.com/pricing/"
      }
    },
    "node_modules/auto-console-group": {
      "version": "1.2.11",
      "resolved": "https://registry.npmjs.org/auto-console-group/-/auto-console-group-1.2.11.tgz",
      "integrity": "sha512-/RFCswabfQZR4CDYser0V+AC+6+Q1ro2+RrP0AinOXDYnWsm3w14uc2MVdEaaSCDfpiTtETfahE9N7z9Yb1JiA==",
      "license": "MIT"
    },
    "node_modules/iframe-resizer": {
      "version": "5.5.7",
      "resolved": "https://registry.npmjs.org/iframe-resizer/-/iframe-resizer-5.5.7.tgz",
      "integrity": "sha512-vSAHzH1x+OnHn+O34wpS6qb2CEQhsgoCYV3iivrb0TQp4Wm2xKzTxl5kG8yNoJVLU3OOEFv4CRDL/ns6Or5g3w==",
      "license": "GPL-3.0",
      "dependencies": {
        "@iframe-resizer/child": "5.5.7",
        "@iframe-resizer/jquery": "5.5.7",
        "@iframe-resizer/parent": "5.5.7"
      },
      "funding": {
        "type": "individual",
        "url": "https://iframe-resizer.com/pricing/"
      }
    }
  }
}
